
Microsoft Visual Studio Solution File, Format Version 12.00
# Visual Studio 15
VisualStudioVersion = 15.0.27703.2035
MinimumVisualStudioVersion = 10.0.40219.1
Project("{FAE04EC0-301F-11D3-BF4B-00C04F79EFBC}") = "Flyweight", "Flyweight\Flyweight.csproj", "{C38B3BC7-9445-476D-B76F-7C103D14E7BB}"
EndProject
Global
	GlobalSection(SolutionConfigurationPlatforms) = preSolution
		Debug|Any CPU = Debug|Any CPU
		Release|Any CPU = Release|Any CPU
	EndGlobalSection
	GlobalSection(ProjectConfigurationPlatforms) = postSolution
		{C38B3BC7-9445-476D-B76F-7C103D14E7BB}.Debug|Any CPU.ActiveCfg = Debug|Any CPU
		{C38B3BC7-9445-476D-B76F-7C103D14E7BB}.Debug|Any CPU.Build.0 = Debug|Any CPU
		{C38B3BC7-9445-476D-B76F-7C103D14E7BB}.Release|Any CPU.ActiveCfg = Release|Any CPU
		{C38B3BC7-9445-476D-B76F-7C103D14E7BB}.Release|Any CPU.Build.0 = Release|Any CPU
	EndGlobalSection
	GlobalSection(SolutionProperties) = preSolution
		HideSolutionNode = FALSE
	EndGlobalSection
	GlobalSection(ExtensibilityGlobals) = postSolution
		SolutionGuid = {F341245B-6C09-4CEC-9418-A1956D6CD299}
	EndGlobalSection
EndGlobal
