
Microsoft Visual Studio Solution File, Format Version 12.00
# Visual Studio 15
VisualStudioVersion = 15.0.27703.2035
MinimumVisualStudioVersion = 10.0.40219.1
Project("{FAE04EC0-301F-11D3-BF4B-00C04F79EFBC}") = "Adapter", "Adapter\Adapter.csproj", "{F5FBA04D-0B49-4083-8506-D7A28752ED9B}"
EndProject
Global
	GlobalSection(SolutionConfigurationPlatforms) = preSolution
		Debug|Any CPU = Debug|Any CPU
		Release|Any CPU = Release|Any CPU
	EndGlobalSection
	GlobalSection(ProjectConfigurationPlatforms) = postSolution
		{F5FBA04D-0B49-4083-8506-D7A28752ED9B}.Debug|Any CPU.ActiveCfg = Debug|Any CPU
		{F5FBA04D-0B49-4083-8506-D7A28752ED9B}.Debug|Any CPU.Build.0 = Debug|Any CPU
		{F5FBA04D-0B49-4083-8506-D7A28752ED9B}.Release|Any CPU.ActiveCfg = Release|Any CPU
		{F5FBA04D-0B49-4083-8506-D7A28752ED9B}.Release|Any CPU.Build.0 = Release|Any CPU
	EndGlobalSection
	GlobalSection(SolutionProperties) = preSolution
		HideSolutionNode = FALSE
	EndGlobalSection
	GlobalSection(ExtensibilityGlobals) = postSolution
		SolutionGuid = {CDB64DCE-BC5D-4CBF-B0C1-963E1836F7A3}
	EndGlobalSection
EndGlobal
